
Microsoft Visual Studio Solution File, Format Version 12.00
# Visual Studio Version 16
VisualStudioVersion = 16.0.29905.134
MinimumVisualStudioVersion = 10.0.40219.1
Project("{FAE04EC0-301F-11D3-BF4B-00C04F79EFBC}") = "ConsoleApp-Lection4", "ConsoleApp-Lection4\ConsoleApp-Lection4.csproj", "{B868A90E-9FB1-4251-83F5-A5B75B1D502F}"
EndProject
Global
	GlobalSection(SolutionConfigurationPlatforms) = preSolution
		Debug|Any CPU = Debug|Any CPU
		Release|Any CPU = Release|Any CPU
	EndGlobalSection
	GlobalSection(ProjectConfigurationPlatforms) = postSolution
		{B868A90E-9FB1-4251-83F5-A5B75B1D502F}.Debug|Any CPU.ActiveCfg = Debug|Any CPU
		{B868A90E-9FB1-4251-83F5-A5B75B1D502F}.Debug|Any CPU.Build.0 = Debug|Any CPU
		{B868A90E-9FB1-4251-83F5-A5B75B1D502F}.Release|Any CPU.ActiveCfg = Release|Any CPU
		{B868A90E-9FB1-4251-83F5-A5B75B1D502F}.Release|Any CPU.Build.0 = Release|Any CPU
	EndGlobalSection
	GlobalSection(SolutionProperties) = preSolution
		HideSolutionNode = FALSE
	EndGlobalSection
	GlobalSection(ExtensibilityGlobals) = postSolution
		SolutionGuid = {719CB2E9-DFCC-41A8-899C-70BA04EC755D}
	EndGlobalSection
EndGlobal
